
Microsoft Visual Studio Solution File, Format Version 12.00
# Visual Studio 15
VisualStudioVersion = 15.0.28307.1800
MinimumVisualStudioVersion = 10.0.40219.1
Project("{FAE04EC0-301F-11D3-BF4B-00C04F79EFBC}") = "GPIB_Demo", "GPIB_Demo\GPIB_Demo.csproj", "{3D709BFF-59F2-47DB-BB79-1876BD77421E}"
EndProject
Global
	GlobalSection(SolutionConfigurationPlatforms) = preSolution
		Debug|Any CPU = Debug|Any CPU
		Release|Any CPU = Release|Any CPU
	EndGlobalSection
	GlobalSection(ProjectConfigurationPlatforms) = postSolution
		{3D709BFF-59F2-47DB-BB79-1876BD77421E}.Debug|Any CPU.ActiveCfg = Debug|Any CPU
		{3D709BFF-59F2-47DB-BB79-1876BD77421E}.Debug|Any CPU.Build.0 = Debug|Any CPU
		{3D709BFF-59F2-47DB-BB79-1876BD77421E}.Release|Any CPU.ActiveCfg = Release|Any CPU
		{3D709BFF-59F2-47DB-BB79-1876BD77421E}.Release|Any CPU.Build.0 = Release|Any CPU
	EndGlobalSection
	GlobalSection(SolutionProperties) = preSolution
		HideSolutionNode = FALSE
	EndGlobalSection
	GlobalSection(ExtensibilityGlobals) = postSolution
		SolutionGuid = {E973CF0D-C7CE-4E02-996F-A7801C9BC6DA}
	EndGlobalSection
EndGlobal
